
Microsoft Visual Studio Solution File, Format Version 12.00
# Visual Studio 15
VisualStudioVersion = 15.0.27004.2010
MinimumVisualStudioVersion = 10.0.40219.1
Project("{FAE04EC0-301F-11D3-BF4B-00C04F79EFBC}") = "LiskovSubstitution", "LiskovSubstitution\LiskovSubstitution.csproj", "{D6FB0F2D-1907-4412-BDB0-0D34BE0F1850}"
EndProject
Global
	GlobalSection(SolutionConfigurationPlatforms) = preSolution
		Debug|Any CPU = Debug|Any CPU
		Release|Any CPU = Release|Any CPU
	EndGlobalSection
	GlobalSection(ProjectConfigurationPlatforms) = postSolution
		{D6FB0F2D-1907-4412-BDB0-0D34BE0F1850}.Debug|Any CPU.ActiveCfg = Debug|Any CPU
		{D6FB0F2D-1907-4412-BDB0-0D34BE0F1850}.Debug|Any CPU.Build.0 = Debug|Any CPU
		{D6FB0F2D-1907-4412-BDB0-0D34BE0F1850}.Release|Any CPU.ActiveCfg = Release|Any CPU
		{D6FB0F2D-1907-4412-BDB0-0D34BE0F1850}.Release|Any CPU.Build.0 = Release|Any CPU
	EndGlobalSection
	GlobalSection(SolutionProperties) = preSolution
		HideSolutionNode = FALSE
	EndGlobalSection
	GlobalSection(ExtensibilityGlobals) = postSolution
		SolutionGuid = {4C503503-C9A0-438C-A571-B1056A223553}
	EndGlobalSection
EndGlobal
