
Microsoft Visual Studio Solution File, Format Version 12.00
# Visual Studio 14
VisualStudioVersion = 14.0.25420.1
MinimumVisualStudioVersion = 10.0.40219.1
Project("{FAE04EC0-301F-11D3-BF4B-00C04F79EFBC}") = "StateExample", "StateExample.csproj", "{BE1F6485-9898-48A2-B748-99D369BF681A}"
EndProject
Global
	GlobalSection(SolutionConfigurationPlatforms) = preSolution
		Debug|Any CPU = Debug|Any CPU
		Release|Any CPU = Release|Any CPU
	EndGlobalSection
	GlobalSection(ProjectConfigurationPlatforms) = postSolution
		{BE1F6485-9898-48A2-B748-99D369BF681A}.Debug|Any CPU.ActiveCfg = Debug|Any CPU
		{BE1F6485-9898-48A2-B748-99D369BF681A}.Debug|Any CPU.Build.0 = Debug|Any CPU
		{BE1F6485-9898-48A2-B748-99D369BF681A}.Release|Any CPU.ActiveCfg = Release|Any CPU
		{BE1F6485-9898-48A2-B748-99D369BF681A}.Release|Any CPU.Build.0 = Release|Any CPU
	EndGlobalSection
	GlobalSection(SolutionProperties) = preSolution
		HideSolutionNode = FALSE
	EndGlobalSection
EndGlobal
